
Microsoft Visual Studio Solution File, Format Version 12.00
# Visual Studio Version 17
VisualStudioVersion = 17.12.35527.113
MinimumVisualStudioVersion = 10.0.40219.1
Project("{FAE04EC0-301F-11D3-BF4B-00C04F79EFBC}") = "LibaryApplication2", "LibaryApplication2\LibaryApplication2.csproj", "{FF3D047D-AFBA-4362-BCBD-AF68BA541F25}"
EndProject
Project("{FAE04EC0-301F-11D3-BF4B-00C04F79EFBC}") = "LibaryApplication.Library", "LibaryApplication.Library\LibaryApplication.Library.csproj", "{99BA2E21-2C0C-4785-854A-5241D245B6C3}"
EndProject
Global
	GlobalSection(SolutionConfigurationPlatforms) = preSolution
		Debug|Any CPU = Debug|Any CPU
		Release|Any CPU = Release|Any CPU
	EndGlobalSection
	GlobalSection(ProjectConfigurationPlatforms) = postSolution
		{FF3D047D-AFBA-4362-BCBD-AF68BA541F25}.Debug|Any CPU.ActiveCfg = Debug|Any CPU
		{FF3D047D-AFBA-4362-BCBD-AF68BA541F25}.Debug|Any CPU.Build.0 = Debug|Any CPU
		{FF3D047D-AFBA-4362-BCBD-AF68BA541F25}.Release|Any CPU.ActiveCfg = Release|Any CPU
		{FF3D047D-AFBA-4362-BCBD-AF68BA541F25}.Release|Any CPU.Build.0 = Release|Any CPU
		{99BA2E21-2C0C-4785-854A-5241D245B6C3}.Debug|Any CPU.ActiveCfg = Debug|Any CPU
		{99BA2E21-2C0C-4785-854A-5241D245B6C3}.Debug|Any CPU.Build.0 = Debug|Any CPU
		{99BA2E21-2C0C-4785-854A-5241D245B6C3}.Release|Any CPU.ActiveCfg = Release|Any CPU
		{99BA2E21-2C0C-4785-854A-5241D245B6C3}.Release|Any CPU.Build.0 = Release|Any CPU
	EndGlobalSection
	GlobalSection(SolutionProperties) = preSolution
		HideSolutionNode = FALSE
	EndGlobalSection
EndGlobal
